// !$*UTF8*$!
{
	archiveVersion = 1;
	classes = {
	};
	objectVersion = 46;
	objects = {

/* Begin PBXBuildFile section */
		351387991AA0CF0700398815 /* main.m in Sources */ = {isa = PBXBuildFile; fileRef = 351387981AA0CF0700398815 /* main.m */; };
		3513879C1AA0CF0700398815 /* AppDelegate.m in Sources */ = {isa = PBXBuildFile; fileRef = 3513879B1AA0CF0700398815 /* AppDelegate.m */; };
		3513879F1AA0CF0700398815 /* ViewController.m in Sources */ = {isa = PBXBuildFile; fileRef = 3513879E1AA0CF0700398815 /* ViewController.m */; };
		351387A21AA0CF0700398815 /* Main.storyboard in Resources */ = {isa = PBXBuildFile; fileRef = 351387A01AA0CF0700398815 /* Main.storyboard */; };
		351387A41AA0CF0700398815 /* Images.xcassets in Resources */ = {isa = PBXBuildFile; fileRef = 351387A31AA0CF0700398815 /* Images.xcassets */; };
		351387A71AA0CF0700398815 /* LaunchScreen.xib in Resources */ = {isa = PBXBuildFile; fileRef = 351387A51AA0CF0700398815 /* LaunchScreen.xib */; };
		351387B31AA0CF0800398815 /* ConvertidorDolarTests.m in Sources */ = {isa = PBXBuildFile; fileRef = 351387B21AA0CF0800398815 /* ConvertidorDolarTests.m */; };
		351387BE1AA0CF8000398815 /* Dolar.m in Sources */ = {isa = PBXBuildFile; fileRef = 351387BD1AA0CF8000398815 /* Dolar.m */; };
/* End PBXBuildFile section */

/* Begin PBXContainerItemProxy section */
		351387AD1AA0CF0800398815 /* PBXContainerItemProxy */ = {
			isa = PBXContainerItemProxy;
			containerPortal = 3513878B1AA0CF0700398815 /* Project object */;
			proxyType = 1;
			remoteGlobalIDString = 351387921AA0CF0700398815;
			remoteInfo = ConvertidorDolar;
		};
/* End PBXContainerItemProxy section */

/* Begin PBXFileReference section */
		351387931AA0CF0700398815 /* ConvertidorDolar.app */ = {isa = PBXFileReference; explicitFileType = wrapper.application; includeInIndex = 0; path = ConvertidorDolar.app; sourceTree = BUILT_PRODUCTS_DIR; };
		351387971AA0CF0700398815 /* Info.plist */ = {isa = PBXFileReference; lastKnownFileType = text.plist.xml; path = Info.plist; sourceTree = "<group>"; };
		351387981AA0CF0700398815 /* main.m */ = {isa = PBXFileReference; lastKnownFileType = sourcecode.c.objc; path = main.m; sourceTree = "<group>"; };
		3513879A1AA0CF0700398815 /* AppDelegate.h */ = {isa = PBXFileReference; lastKnownFileType = sourcecode.c.h; path = AppDelegate.h; sourceTree = "<group>"; };
		3513879B1AA0CF0700398815 /* AppDelegate.m */ = {isa = PBXFileReference; lastKnownFileType = sourcecode.c.objc; path = AppDelegate.m; sourceTree = "<group>"; };
		3513879D1AA0CF0700398815 /* ViewController.h */ = {isa = PBXFileReference; lastKnownFileType = sourcecode.c.h; name = ViewController.h; path = ConvertidorDolar/ViewController.h; sourceTree = "<group>"; };
		3513879E1AA0CF0700398815 /* ViewController.m */ = {isa = PBXFileReference; lastKnownFileType = sourcecode.c.objc; name = ViewController.m; path = ConvertidorDolar/ViewController.m; sourceTree = "<group>"; };
		351387A11AA0CF0700398815 /* Base */ = {isa = PBXFileReference; lastKnownFileType = file.storyboard; name = Base; path = Base.lproj/Main.storyboard; sourceTree = "<group>"; };
		351387A31AA0CF0700398815 /* Images.xcassets */ = {isa = PBXFileReference; lastKnownFileType = folder.assetcatalog; path = Images.xcassets; sourceTree = "<group>"; };
		351387A61AA0CF0700398815 /* Base */ = {isa = PBXFileReference; lastKnownFileType = file.xib; name = Base; path = Base.lproj/LaunchScreen.xib; sourceTree = "<group>"; };
		351387AC1AA0CF0800398815 /* ConvertidorDolarTests.xctest */ = {isa = PBXFileReference; explicitFileType = wrapper.cfbundle; includeInIndex = 0; path = ConvertidorDolarTests.xctest; sourceTree = BUILT_PRODUCTS_DIR; };
		351387B11AA0CF0800398815 /* Info.plist */ = {isa = PBXFileReference; lastKnownFileType = text.plist.xml; path = Info.plist; sourceTree = "<group>"; };
		351387B21AA0CF0800398815 /* ConvertidorDolarTests.m */ = {isa = PBXFileReference; lastKnownFileType = sourcecode.c.objc; path = ConvertidorDolarTests.m; sourceTree = "<group>"; };
		351387BC1AA0CF8000398815 /* Dolar.h */ = {isa = PBXFileReference; fileEncoding = 4; lastKnownFileType = sourcecode.c.h; name = Dolar.h; path = ConvertidorDolar/Dolar.h; sourceTree = "<group>"; };
		351387BD1AA0CF8000398815 /* Dolar.m */ = {isa = PBXFileReference; fileEncoding = 4; lastKnownFileType = sourcecode.c.objc; name = Dolar.m; path = ConvertidorDolar/Dolar.m; sourceTree = "<group>"; };
/* End PBXFileReference section */

/* Begin PBXFrameworksBuildPhase section */
		351387901AA0CF0700398815 /* Frameworks */ = {
			isa = PBXFrameworksBuildPhase;
			buildActionMask = 2147483647;
			files = (
			);
			runOnlyForDeploymentPostprocessing = 0;
		};
		351387A91AA0CF0800398815 /* Frameworks */ = {
			isa = PBXFrameworksBuildPhase;
			buildActionMask = 2147483647;
			files = (
			);
			runOnlyForDeploymentPostprocessing = 0;
		};
/* End PBXFrameworksBuildPhase section */

/* Begin PBXGroup section */
		3513878A1AA0CF0700398815 = {
			isa = PBXGroup;
			children = (
				351387C11AA0D02000398815 /* Controllers */,
				351387C01AA0CFED00398815 /* View */,
				351387BF1AA0CF9400398815 /* Model */,
				351387951AA0CF0700398815 /* ConvertidorDolar */,
				351387AF1AA0CF0800398815 /* ConvertidorDolarTests */,
				351387941AA0CF0700398815 /* Products */,
			);
			sourceTree = "<group>";
		};
		351387941AA0CF0700398815 /* Products */ = {
			isa = PBXGroup;
			children = (
				351387931AA0CF0700398815 /* ConvertidorDolar.app */,
				351387AC1AA0CF0800398815 /* ConvertidorDolarTests.xctest */,
			);
			name = Products;
			sourceTree = "<group>";
		};
		351387951AA0CF0700398815 /* ConvertidorDolar */ = {
			isa = PBXGroup;
			children = (
				3513879A1AA0CF0700398815 /* AppDelegate.h */,
				3513879B1AA0CF0700398815 /* AppDelegate.m */,
				351387A31AA0CF0700398815 /* Images.xcassets */,
				351387A51AA0CF0700398815 /* LaunchScreen.xib */,
				351387961AA0CF0700398815 /* Supporting Files */,
			);
			path = ConvertidorDolar;
			sourceTree = "<group>";
		};
		351387961AA0CF0700398815 /* Supporting Files */ = {
			isa = PBXGroup;
			children = (
				351387971AA0CF0700398815 /* Info.plist */,
				351387981AA0CF0700398815 /* main.m */,
			);
			name = "Supporting Files";
			sourceTree = "<group>";
		};
		351387AF1AA0CF0800398815 /* ConvertidorDolarTests */ = {
			isa = PBXGroup;
			children = (
				351387B21AA0CF0800398815 /* ConvertidorDolarTests.m */,
				351387B01AA0CF0800398815 /* Supporting Files */,
			);
			path = ConvertidorDolarTests;
			sourceTree = "<group>";
		};
		351387B01AA0CF0800398815 /* Supporting Files */ = {
			isa = PBXGroup;
			children = (
				351387B11AA0CF0800398815 /* Info.plist */,
			);
			name = "Supporting Files";
			sourceTree = "<group>";
		};
		351387BF1AA0CF9400398815 /* Model */ = {
			isa = PBXGroup;
			children = (
				351387BC1AA0CF8000398815 /* Dolar.h */,
				351387BD1AA0CF8000398815 /* Dolar.m */,
			);
			name = Model;
			sourceTree = "<group>";
		};
		351387C01AA0CFED00398815 /* View */ = {
			isa = PBXGroup;
			children = (
				351387A01AA0CF0700398815 /* Main.storyboard */,
			);
			name = View;
			sourceTree = "<group>";
		};
		351387C11AA0D02000398815 /* Controllers */ = {
			isa = PBXGroup;
			children = (
				3513879D1AA0CF0700398815 /* ViewController.h */,
				3513879E1AA0CF0700398815 /* ViewController.m */,
			);
			name = Controllers;
			sourceTree = "<group>";
		};
/* End PBXGroup section */

/* Begin PBXNativeTarget section */
		351387921AA0CF0700398815 /* ConvertidorDolar */ = {
			isa = PBXNativeTarget;
			buildConfigurationList = 351387B61AA0CF0800398815 /* Build configuration list for PBXNativeTarget "ConvertidorDolar" */;
			buildPhases = (
				3513878F1AA0CF0700398815 /* Sources */,
				351387901AA0CF0700398815 /* Frameworks */,
				351387911AA0CF0700398815 /* Resources */,
			);
			buildRules = (
			);
			dependencies = (
			);
			name = ConvertidorDolar;
			productName = ConvertidorDolar;
			productReference = 351387931AA0CF0700398815 /* ConvertidorDolar.app */;
			productType = "com.apple.product-type.application";
		};
		351387AB1AA0CF0800398815 /* ConvertidorDolarTests */ = {
			isa = PBXNativeTarget;
			buildConfigurationList = 351387B91AA0CF0800398815 /* Build configuration list for PBXNativeTarget "ConvertidorDolarTests" */;
			buildPhases = (
				351387A81AA0CF0800398815 /* Sources */,
				351387A91AA0CF0800398815 /* Frameworks */,
				351387AA1AA0CF0800398815 /* Resources */,
			);
			buildRules = (
			);
			dependencies = (
				351387AE1AA0CF0800398815 /* PBXTargetDependency */,
			);
			name = ConvertidorDolarTests;
			productName = ConvertidorDolarTests;
			productReference = 351387AC1AA0CF0800398815 /* ConvertidorDolarTests.xctest */;
			productType = "com.apple.product-type.bundle.unit-test";
		};
/* End PBXNativeTarget section */

/* Begin PBXProject section */
		3513878B1AA0CF0700398815 /* Project object */ = {
			isa = PBXProject;
			attributes = {
				LastUpgradeCheck = 0610;
				ORGANIZATIONNAME = "Marlon Pineda";
				TargetAttributes = {
					351387921AA0CF0700398815 = {
						CreatedOnToolsVersion = 6.1.1;
					};
					351387AB1AA0CF0800398815 = {
						CreatedOnToolsVersion = 6.1.1;
						TestTargetID = 351387921AA0CF0700398815;
					};
				};
			};
			buildConfigurationList = 3513878E1AA0CF0700398815 /* Build configuration list for PBXProject "ConvertidorDolar" */;
			compatibilityVersion = "Xcode 3.2";
			developmentRegion = English;
			hasScannedForEncodings = 0;
			knownRegions = (
				en,
				Base,
			);
			mainGroup = 3513878A1AA0CF0700398815;
			productRefGroup = 351387941AA0CF0700398815 /* Products */;
			projectDirPath = "";
			projectRoot = "";
			targets = (
				351387921AA0CF0700398815 /* ConvertidorDolar */,
				351387AB1AA0CF0800398815 /* ConvertidorDolarTests */,
			);
		};
/* End PBXProject section */

/* Begin PBXResourcesBuildPhase section */
		351387911AA0CF0700398815 /* Resources */ = {
			isa = PBXResourcesBuildPhase;
			buildActionMask = 2147483647;
			files = (
				351387A21AA0CF0700398815 /* Main.storyboard in Resources */,
				351387A71AA0CF0700398815 /* LaunchScreen.xib in Resources */,
				351387A41AA0CF0700398815 /* Images.xcassets in Resources */,
			);
			runOnlyForDeploymentPostprocessing = 0;
		};
		351387AA1AA0CF0800398815 /* Resources */ = {
			isa = PBXResourcesBuildPhase;
			buildActionMask = 2147483647;
			files = (
			);
			runOnlyForDeploymentPostprocessing = 0;
		};
/* End PBXResourcesBuildPhase section */

/* Begin PBXSourcesBuildPhase section */
		3513878F1AA0CF0700398815 /* Sources */ = {
			isa = PBXSourcesBuildPhase;
			buildActionMask = 2147483647;
			files = (
				351387BE1AA0CF8000398815 /* Dolar.m in Sources */,
				3513879F1AA0CF0700398815 /* ViewController.m in Sources */,
				3513879C1AA0CF0700398815 /* AppDelegate.m in Sources */,
				351387991AA0CF0700398815 /* main.m in Sources */,
			);
			runOnlyForDeploymentPostprocessing = 0;
		};
		351387A81AA0CF0800398815 /* Sources */ = {
			isa = PBXSourcesBuildPhase;
			buildActionMask = 2147483647;
			files = (
				351387B31AA0CF0800398815 /* ConvertidorDolarTests.m in Sources */,
			);
			runOnlyForDeploymentPostprocessing = 0;
		};
/* End PBXSourcesBuildPhase section */

/* Begin PBXTargetDependency section */
		351387AE1AA0CF0800398815 /* PBXTargetDependency */ = {
			isa = PBXTargetDependency;
			target = 351387921AA0CF0700398815 /* ConvertidorDolar */;
			targetProxy = 351387AD1AA0CF0800398815 /* PBXContainerItemProxy */;
		};
/* End PBXTargetDependency section */

/* Begin PBXVariantGroup section */
		351387A01AA0CF0700398815 /* Main.storyboard */ = {
			isa = PBXVariantGroup;
			children = (
				351387A11AA0CF0700398815 /* Base */,
			);
			name = Main.storyboard;
			path = ConvertidorDolar;
			sourceTree = "<group>";
		};
		351387A51AA0CF0700398815 /* LaunchScreen.xib */ = {
			isa = PBXVariantGroup;
			children = (
				351387A61AA0CF0700398815 /* Base */,
			);
			name = LaunchScreen.xib;
			sourceTree = "<group>";
		};
/* End PBXVariantGroup section */

/* Begin XCBuildConfiguration section */
		351387B41AA0CF0800398815 /* Debug */ = {
			isa = XCBuildConfiguration;
			buildSettings = {
				ALWAYS_SEARCH_USER_PATHS = NO;
				CLANG_CXX_LANGUAGE_STANDARD = "gnu++0x";
				CLANG_CXX_LIBRARY = "libc++";
				CLANG_ENABLE_MODULES = YES;
				CLANG_ENABLE_OBJC_ARC = YES;
				CLANG_WARN_BOOL_CONVERSION = YES;
				CLANG_WARN_CONSTANT_CONVERSION = YES;
				CLANG_WARN_DIRECT_OBJC_ISA_USAGE = YES_ERROR;
				CLANG_WARN_EMPTY_BODY = YES;
				CLANG_WARN_ENUM_CONVERSION = YES;
				CLANG_WARN_INT_CONVERSION = YES;
				CLANG_WARN_OBJC_ROOT_CLASS = YES_ERROR;
				CLANG_WARN_UNREACHABLE_CODE = YES;
				CLANG_WARN__DUPLICATE_METHOD_MATCH = YES;
				"CODE_SIGN_IDENTITY[sdk=iphoneos*]" = "iPhone Developer";
				COPY_PHASE_STRIP = NO;
				ENABLE_STRICT_OBJC_MSGSEND = YES;
				GCC_C_LANGUAGE_STANDARD = gnu99;
				GCC_DYNAMIC_NO_PIC = NO;
				GCC_OPTIMIZATION_LEVEL = 0;
				GCC_PREPROCESSOR_DEFINITIONS = (
					"DEBUG=1",
					"$(inherited)",
				);
				GCC_SYMBOLS_PRIVATE_EXTERN = NO;
				GCC_WARN_64_TO_32_BIT_CONVERSION = YES;
				GCC_WARN_ABOUT_RETURN_TYPE = YES_ERROR;
				GCC_WARN_UNDECLARED_SELECTOR = YES;
				GCC_WARN_UNINITIALIZED_AUTOS = YES_AGGRESSIVE;
				GCC_WARN_UNUSED_FUNCTION = YES;
				GCC_WARN_UNUSED_VARIABLE = YES;
				IPHONEOS_DEPLOYMENT_TARGET = 8.1;
				MTL_ENABLE_DEBUG_INFO = YES;
				ONLY_ACTIVE_ARCH = YES;
				SDKROOT = iphoneos;
			};
			name = Debug;
		};
		351387B51AA0CF0800398815 /* Release */ = {
			isa = XCBuildConfiguration;
			buildSettings = {
				ALWAYS_SEARCH_USER_PATHS = NO;
				CLANG_CXX_LANGUAGE_STANDARD = "gnu++0x";
				CLANG_CXX_LIBRARY = "libc++";
				CLANG_ENABLE_MODULES = YES;
				CLANG_ENABLE_OBJC_ARC = YES;
				CLANG_WARN_BOOL_CONVERSION = YES;
				CLANG_WARN_CONSTANT_CONVERSION = YES;
				CLANG_WARN_DIRECT_OBJC_ISA_USAGE = YES_ERROR;
				CLANG_WARN_EMPTY_BODY = YES;
				CLANG_WARN_ENUM_CONVERSION = YES;
				CLANG_WARN_INT_CONVERSION = YES;
				CLANG_WARN_OBJC_ROOT_CLASS = YES_ERROR;
				CLANG_WARN_UNREACHABLE_CODE = YES;
				CLANG_WARN__DUPLICATE_METHOD_MATCH = YES;
				"CODE_SIGN_IDENTITY[sdk=iphoneos*]" = "iPhone Developer";
				COPY_PHASE_STRIP = YES;
				ENABLE_NS_ASSERTIONS = NO;
				ENABLE_STRICT_OBJC_MSGSEND = YES;
				GCC_C_LANGUAGE_STANDARD = gnu99;
				GCC_WARN_64_TO_32_BIT_CONVERSION = YES;
				GCC_WARN_ABOUT_RETURN_TYPE = YES_ERROR;
				GCC_WARN_UNDECLARED_SELECTOR = YES;
				GCC_WARN_UNINITIALIZED_AUTOS = YES_AGGRESSIVE;
				GCC_WARN_UNUSED_FUNCTION = YES;
				GCC_WARN_UNUSED_VARIABLE = YES;
				IPHONEOS_DEPLOYMENT_TARGET = 8.1;
				MTL_ENABLE_DEBUG_INFO = NO;
				SDKROOT = iphoneos;
				VALIDATE_PRODUCT = YES;
			};
			name = Release;
		};
		351387B71AA0CF0800398815 /* Debug */ = {
			isa = XCBuildConfiguration;
			buildSettings = {
				ASSETCATALOG_COMPILER_APPICON_NAME = AppIcon;
				INFOPLIST_FILE = ConvertidorDolar/Info.plist;
				LD_RUNPATH_SEARCH_PATHS = "$(inherited) @executable_path/Frameworks";
				PRODUCT_NAME = "$(TARGET_NAME)";
			};
			name = Debug;
		};
		351387B81AA0CF0800398815 /* Release */ = {
			isa = XCBuildConfiguration;
			buildSettings = {
				ASSETCATALOG_COMPILER_APPICON_NAME = AppIcon;
				INFOPLIST_FILE = ConvertidorDolar/Info.plist;
				LD_RUNPATH_SEARCH_PATHS = "$(inherited) @executable_path/Frameworks";
				PRODUCT_NAME = "$(TARGET_NAME)";
			};
			name = Release;
		};
		351387BA1AA0CF0800398815 /* Debug */ = {
			isa = XCBuildConfiguration;
			buildSettings = {
				BUNDLE_LOADER = "$(TEST_HOST)";
				FRAMEWORK_SEARCH_PATHS = (
					"$(SDKROOT)/Developer/Library/Frameworks",
					"$(inherited)",
				);
				GCC_PREPROCESSOR_DEFINITIONS = (
					"DEBUG=1",
					"$(inherited)",
				);
				INFOPLIST_FILE = ConvertidorDolarTests/Info.plist;
				LD_RUNPATH_SEARCH_PATHS = "$(inherited) @executable_path/Frameworks @loader_path/Frameworks";
				PRODUCT_NAME = "$(TARGET_NAME)";
				TEST_HOST = "$(BUILT_PRODUCTS_DIR)/ConvertidorDolar.app/ConvertidorDolar";
			};
			name = Debug;
		};
		351387BB1AA0CF0800398815 /* Release */ = {
			isa = XCBuildConfiguration;
			buildSettings = {
				BUNDLE_LOADER = "$(TEST_HOST)";
				FRAMEWORK_SEARCH_PATHS = (
					"$(SDKROOT)/Developer/Library/Frameworks",
					"$(inherited)",
				);
				INFOPLIST_FILE = ConvertidorDolarTests/Info.plist;
				LD_RUNPATH_SEARCH_PATHS = "$(inherited) @executable_path/Frameworks @loader_path/Frameworks";
				PRODUCT_NAME = "$(TARGET_NAME)";
				TEST_HOST = "$(BUILT_PRODUCTS_DIR)/ConvertidorDolar.app/ConvertidorDolar";
			};
			name = Release;
		};
/* End XCBuildConfiguration section */

/* Begin XCConfigurationList section */
		3513878E1AA0CF0700398815 /* Build configuration list for PBXProject "ConvertidorDolar" */ = {
			isa = XCConfigurationList;
			buildConfigurations = (
				351387B41AA0CF0800398815 /* Debug */,
				351387B51AA0CF0800398815 /* Release */,
			);
			defaultConfigurationIsVisible = 0;
			defaultConfigurationName = Release;
		};
		351387B61AA0CF0800398815 /* Build configuration list for PBXNativeTarget "ConvertidorDolar" */ = {
			isa = XCConfigurationList;
			buildConfigurations = (
				351387B71AA0CF0800398815 /* Debug */,
				351387B81AA0CF0800398815 /* Release */,
			);
			defaultConfigurationIsVisible = 0;
		};
		351387B91AA0CF0800398815 /* Build configuration list for PBXNativeTarget "ConvertidorDolarTests" */ = {
			isa = XCConfigurationList;
			buildConfigurations = (
				351387BA1AA0CF0800398815 /* Debug */,
				351387BB1AA0CF0800398815 /* Release */,
			);
			defaultConfigurationIsVisible = 0;
		};
/* End XCConfigurationList section */
	};
	rootObject = 3513878B1AA0CF0700398815 /* Project object */;
}
